
Microsoft Visual Studio Solution File, Format Version 12.00
# Visual Studio 15
VisualStudioVersion = 15.0.27130.2010
MinimumVisualStudioVersion = 10.0.40219.1
Project("{9A19103F-16F7-4668-BE54-9A1E7A4F7556}") = "ITOps.ViewModelComposition.Json", "it-ops-shared\ITOps.ViewModelComposition.Json\ITOps.ViewModelComposition.Json.csproj", "{D26CAA8A-136A-4D3D-BF69-3877FF09A1AC}"
EndProject
Project("{9A19103F-16F7-4668-BE54-9A1E7A4F7556}") = "ITOps.ViewModelComposition", "it-ops-shared\ITOps.ViewModelComposition\ITOps.ViewModelComposition.csproj", "{2C089D6E-790F-4F69-9438-20B1194287C8}"
EndProject
Project("{9A19103F-16F7-4668-BE54-9A1E7A4F7556}") = "ITOps.ViewModelComposition.Gateway", "it-ops-shared\ITOps.ViewModelComposition.Gateway\ITOps.ViewModelComposition.Gateway.csproj", "{D0D2E577-2181-4ADD-9B0C-69E4394692F0}"
EndProject
Project("{9A19103F-16F7-4668-BE54-9A1E7A4F7556}") = "ITOps.ViewModelComposition.Mvc", "it-ops-shared\ITOps.ViewModelComposition.Mvc\ITOps.ViewModelComposition.Mvc.csproj", "{2BB41EB5-5BFD-48FA-990E-2E5DFD9E9238}"
EndProject
Project("{2150E333-8FDC-42A3-9474-1A3956D46DE8}") = "ITOps", "ITOps", "{9BB9D85E-B103-4CB8-B6A9-56B12EF4E3BB}"
EndProject
Project("{2150E333-8FDC-42A3-9474-1A3956D46DE8}") = "scripts", "scripts", "{D2D190E6-0C82-43AE-ABA1-4DA5E58508AD}"
	ProjectSection(SolutionItems) = preProject
		scripts\Create-Tables.sql = scripts\Create-Tables.sql
		scripts\Setup-Databases.sql = scripts\Setup-Databases.sql
		scripts\Setup-LocalDBInstance.ps1 = scripts\Setup-LocalDBInstance.ps1
		scripts\Teardown-Databases.sql = scripts\Teardown-Databases.sql
		scripts\Teardown-LocalDBInstance.ps1 = scripts\Teardown-LocalDBInstance.ps1
	EndProjectSection
EndProject
Project("{9A19103F-16F7-4668-BE54-9A1E7A4F7556}") = "Questions.Api", "Questions.Api\Questions.Api.csproj", "{9584E3E8-4DF6-49FD-BBF8-0D7BB7B46C23}"
EndProject
Project("{9A19103F-16F7-4668-BE54-9A1E7A4F7556}") = "Answers.Api", "Answers.Api\Answers.Api.csproj", "{95B85742-AE8E-4E5D-80C4-BACAE4D50903}"
EndProject
Project("{9A19103F-16F7-4668-BE54-9A1E7A4F7556}") = "Rules.Api", "Rules.Api\Rules.Api.csproj", "{82354F81-8093-406C-9688-B91557674984}"
EndProject
Project("{9A19103F-16F7-4668-BE54-9A1E7A4F7556}") = "Questionnaire", "Questionnaire\Questionnaire.csproj", "{5D4F898A-374C-4B99-A0FD-6FB8169520C1}"
EndProject
Project("{2150E333-8FDC-42A3-9474-1A3956D46DE8}") = "Rules", "Rules", "{DD6BB3C1-98D8-4653-A473-7B3FF6D69023}"
EndProject
Project("{2150E333-8FDC-42A3-9474-1A3956D46DE8}") = "Answers", "Answers", "{CC94B35E-E1AF-4B4A-97B8-30AFC28F6D4B}"
EndProject
Project("{2150E333-8FDC-42A3-9474-1A3956D46DE8}") = "Questions", "Questions", "{EB46FE9E-8B0B-4E79-B3DE-D526B4EE9BF4}"
EndProject
Project("{9A19103F-16F7-4668-BE54-9A1E7A4F7556}") = "ApiGateway", "ApiGateway\ApiGateway.csproj", "{288D5C20-A08D-44BC-A757-F0A4F986D7BD}"
EndProject
Project("{9A19103F-16F7-4668-BE54-9A1E7A4F7556}") = "Questions.ViewModelComposition", "Questions.ViewModelComposition\Questions.ViewModelComposition.csproj", "{B1039958-9405-47F6-9EA7-82BB4BE6184D}"
EndProject
Project("{9A19103F-16F7-4668-BE54-9A1E7A4F7556}") = "Answers.ViewModelComposition", "Answers.ViewModelComposition\Answers.ViewModelComposition.csproj", "{90B3DEEB-3CDA-44A8-8440-A25991F710C4}"
EndProject
Project("{9A19103F-16F7-4668-BE54-9A1E7A4F7556}") = "Rules.ViewModelComposition", "Rules.ViewModelComposition\Rules.ViewModelComposition.csproj", "{6C69A20F-CEDA-4658-B8AA-FA051CCF6B53}"
EndProject
Project("{9A19103F-16F7-4668-BE54-9A1E7A4F7556}") = "Questions.ViewModelComposition.Events", "Questions.ViewModelComposition.Events\Questions.ViewModelComposition.Events.csproj", "{964AB8B5-7448-483B-818D-CC2C1E11A77A}"
EndProject
Project("{9A19103F-16F7-4668-BE54-9A1E7A4F7556}") = "NServiceBus.Extensions", "NServiceBus.Extensions\NServiceBus.Extensions.csproj", "{E7F317BF-1399-4CF7-B4F2-5D279C76CCE8}"
EndProject
Project("{9A19103F-16F7-4668-BE54-9A1E7A4F7556}") = "Questions.Messages", "Questions.Messages\Questions.Messages.csproj", "{A035DF90-BF00-4909-81C4-7B376660FF15}"
EndProject
Project("{9A19103F-16F7-4668-BE54-9A1E7A4F7556}") = "Answers.Messages", "Answers.Messages\Answers.Messages.csproj", "{B973FCDE-2A7B-4A52-8F24-F7763CC2FB8B}"
EndProject
Project("{9A19103F-16F7-4668-BE54-9A1E7A4F7556}") = "Rules.Messages", "Rules.Messages\Rules.Messages.csproj", "{8984E2F1-62BF-4127-AF16-006851452C27}"
EndProject
Global
	GlobalSection(SolutionConfigurationPlatforms) = preSolution
		Debug|Any CPU = Debug|Any CPU
		Release|Any CPU = Release|Any CPU
	EndGlobalSection
	GlobalSection(ProjectConfigurationPlatforms) = postSolution
		{D26CAA8A-136A-4D3D-BF69-3877FF09A1AC}.Debug|Any CPU.ActiveCfg = Debug|Any CPU
		{D26CAA8A-136A-4D3D-BF69-3877FF09A1AC}.Debug|Any CPU.Build.0 = Debug|Any CPU
		{D26CAA8A-136A-4D3D-BF69-3877FF09A1AC}.Release|Any CPU.ActiveCfg = Release|Any CPU
		{D26CAA8A-136A-4D3D-BF69-3877FF09A1AC}.Release|Any CPU.Build.0 = Release|Any CPU
		{2C089D6E-790F-4F69-9438-20B1194287C8}.Debug|Any CPU.ActiveCfg = Debug|Any CPU
		{2C089D6E-790F-4F69-9438-20B1194287C8}.Debug|Any CPU.Build.0 = Debug|Any CPU
		{2C089D6E-790F-4F69-9438-20B1194287C8}.Release|Any CPU.ActiveCfg = Release|Any CPU
		{2C089D6E-790F-4F69-9438-20B1194287C8}.Release|Any CPU.Build.0 = Release|Any CPU
		{D0D2E577-2181-4ADD-9B0C-69E4394692F0}.Debug|Any CPU.ActiveCfg = Debug|Any CPU
		{D0D2E577-2181-4ADD-9B0C-69E4394692F0}.Debug|Any CPU.Build.0 = Debug|Any CPU
		{D0D2E577-2181-4ADD-9B0C-69E4394692F0}.Release|Any CPU.ActiveCfg = Release|Any CPU
		{D0D2E577-2181-4ADD-9B0C-69E4394692F0}.Release|Any CPU.Build.0 = Release|Any CPU
		{2BB41EB5-5BFD-48FA-990E-2E5DFD9E9238}.Debug|Any CPU.ActiveCfg = Debug|Any CPU
		{2BB41EB5-5BFD-48FA-990E-2E5DFD9E9238}.Debug|Any CPU.Build.0 = Debug|Any CPU
		{2BB41EB5-5BFD-48FA-990E-2E5DFD9E9238}.Release|Any CPU.ActiveCfg = Release|Any CPU
		{2BB41EB5-5BFD-48FA-990E-2E5DFD9E9238}.Release|Any CPU.Build.0 = Release|Any CPU
		{9584E3E8-4DF6-49FD-BBF8-0D7BB7B46C23}.Debug|Any CPU.ActiveCfg = Debug|Any CPU
		{9584E3E8-4DF6-49FD-BBF8-0D7BB7B46C23}.Debug|Any CPU.Build.0 = Debug|Any CPU
		{9584E3E8-4DF6-49FD-BBF8-0D7BB7B46C23}.Release|Any CPU.ActiveCfg = Release|Any CPU
		{9584E3E8-4DF6-49FD-BBF8-0D7BB7B46C23}.Release|Any CPU.Build.0 = Release|Any CPU
		{95B85742-AE8E-4E5D-80C4-BACAE4D50903}.Debug|Any CPU.ActiveCfg = Debug|Any CPU
		{95B85742-AE8E-4E5D-80C4-BACAE4D50903}.Debug|Any CPU.Build.0 = Debug|Any CPU
		{95B85742-AE8E-4E5D-80C4-BACAE4D50903}.Release|Any CPU.ActiveCfg = Release|Any CPU
		{95B85742-AE8E-4E5D-80C4-BACAE4D50903}.Release|Any CPU.Build.0 = Release|Any CPU
		{82354F81-8093-406C-9688-B91557674984}.Debug|Any CPU.ActiveCfg = Debug|Any CPU
		{82354F81-8093-406C-9688-B91557674984}.Debug|Any CPU.Build.0 = Debug|Any CPU
		{82354F81-8093-406C-9688-B91557674984}.Release|Any CPU.ActiveCfg = Release|Any CPU
		{82354F81-8093-406C-9688-B91557674984}.Release|Any CPU.Build.0 = Release|Any CPU
		{5D4F898A-374C-4B99-A0FD-6FB8169520C1}.Debug|Any CPU.ActiveCfg = Debug|Any CPU
		{5D4F898A-374C-4B99-A0FD-6FB8169520C1}.Debug|Any CPU.Build.0 = Debug|Any CPU
		{5D4F898A-374C-4B99-A0FD-6FB8169520C1}.Release|Any CPU.ActiveCfg = Release|Any CPU
		{5D4F898A-374C-4B99-A0FD-6FB8169520C1}.Release|Any CPU.Build.0 = Release|Any CPU
		{288D5C20-A08D-44BC-A757-F0A4F986D7BD}.Debug|Any CPU.ActiveCfg = Debug|Any CPU
		{288D5C20-A08D-44BC-A757-F0A4F986D7BD}.Debug|Any CPU.Build.0 = Debug|Any CPU
		{288D5C20-A08D-44BC-A757-F0A4F986D7BD}.Release|Any CPU.ActiveCfg = Release|Any CPU
		{288D5C20-A08D-44BC-A757-F0A4F986D7BD}.Release|Any CPU.Build.0 = Release|Any CPU
		{B1039958-9405-47F6-9EA7-82BB4BE6184D}.Debug|Any CPU.ActiveCfg = Debug|Any CPU
		{B1039958-9405-47F6-9EA7-82BB4BE6184D}.Debug|Any CPU.Build.0 = Debug|Any CPU
		{B1039958-9405-47F6-9EA7-82BB4BE6184D}.Release|Any CPU.ActiveCfg = Release|Any CPU
		{B1039958-9405-47F6-9EA7-82BB4BE6184D}.Release|Any CPU.Build.0 = Release|Any CPU
		{90B3DEEB-3CDA-44A8-8440-A25991F710C4}.Debug|Any CPU.ActiveCfg = Debug|Any CPU
		{90B3DEEB-3CDA-44A8-8440-A25991F710C4}.Debug|Any CPU.Build.0 = Debug|Any CPU
		{90B3DEEB-3CDA-44A8-8440-A25991F710C4}.Release|Any CPU.ActiveCfg = Release|Any CPU
		{90B3DEEB-3CDA-44A8-8440-A25991F710C4}.Release|Any CPU.Build.0 = Release|Any CPU
		{6C69A20F-CEDA-4658-B8AA-FA051CCF6B53}.Debug|Any CPU.ActiveCfg = Debug|Any CPU
		{6C69A20F-CEDA-4658-B8AA-FA051CCF6B53}.Debug|Any CPU.Build.0 = Debug|Any CPU
		{6C69A20F-CEDA-4658-B8AA-FA051CCF6B53}.Release|Any CPU.ActiveCfg = Release|Any CPU
		{6C69A20F-CEDA-4658-B8AA-FA051CCF6B53}.Release|Any CPU.Build.0 = Release|Any CPU
		{964AB8B5-7448-483B-818D-CC2C1E11A77A}.Debug|Any CPU.ActiveCfg = Debug|Any CPU
		{964AB8B5-7448-483B-818D-CC2C1E11A77A}.Debug|Any CPU.Build.0 = Debug|Any CPU
		{964AB8B5-7448-483B-818D-CC2C1E11A77A}.Release|Any CPU.ActiveCfg = Release|Any CPU
		{964AB8B5-7448-483B-818D-CC2C1E11A77A}.Release|Any CPU.Build.0 = Release|Any CPU
		{E7F317BF-1399-4CF7-B4F2-5D279C76CCE8}.Debug|Any CPU.ActiveCfg = Debug|Any CPU
		{E7F317BF-1399-4CF7-B4F2-5D279C76CCE8}.Debug|Any CPU.Build.0 = Debug|Any CPU
		{E7F317BF-1399-4CF7-B4F2-5D279C76CCE8}.Release|Any CPU.ActiveCfg = Release|Any CPU
		{E7F317BF-1399-4CF7-B4F2-5D279C76CCE8}.Release|Any CPU.Build.0 = Release|Any CPU
		{A035DF90-BF00-4909-81C4-7B376660FF15}.Debug|Any CPU.ActiveCfg = Debug|Any CPU
		{A035DF90-BF00-4909-81C4-7B376660FF15}.Debug|Any CPU.Build.0 = Debug|Any CPU
		{A035DF90-BF00-4909-81C4-7B376660FF15}.Release|Any CPU.ActiveCfg = Release|Any CPU
		{A035DF90-BF00-4909-81C4-7B376660FF15}.Release|Any CPU.Build.0 = Release|Any CPU
		{B973FCDE-2A7B-4A52-8F24-F7763CC2FB8B}.Debug|Any CPU.ActiveCfg = Debug|Any CPU
		{B973FCDE-2A7B-4A52-8F24-F7763CC2FB8B}.Debug|Any CPU.Build.0 = Debug|Any CPU
		{B973FCDE-2A7B-4A52-8F24-F7763CC2FB8B}.Release|Any CPU.ActiveCfg = Release|Any CPU
		{B973FCDE-2A7B-4A52-8F24-F7763CC2FB8B}.Release|Any CPU.Build.0 = Release|Any CPU
		{8984E2F1-62BF-4127-AF16-006851452C27}.Debug|Any CPU.ActiveCfg = Debug|Any CPU
		{8984E2F1-62BF-4127-AF16-006851452C27}.Debug|Any CPU.Build.0 = Debug|Any CPU
		{8984E2F1-62BF-4127-AF16-006851452C27}.Release|Any CPU.ActiveCfg = Release|Any CPU
		{8984E2F1-62BF-4127-AF16-006851452C27}.Release|Any CPU.Build.0 = Release|Any CPU
	EndGlobalSection
	GlobalSection(SolutionProperties) = preSolution
		HideSolutionNode = FALSE
	EndGlobalSection
	GlobalSection(NestedProjects) = preSolution
		{D26CAA8A-136A-4D3D-BF69-3877FF09A1AC} = {9BB9D85E-B103-4CB8-B6A9-56B12EF4E3BB}
		{2C089D6E-790F-4F69-9438-20B1194287C8} = {9BB9D85E-B103-4CB8-B6A9-56B12EF4E3BB}
		{D0D2E577-2181-4ADD-9B0C-69E4394692F0} = {9BB9D85E-B103-4CB8-B6A9-56B12EF4E3BB}
		{2BB41EB5-5BFD-48FA-990E-2E5DFD9E9238} = {9BB9D85E-B103-4CB8-B6A9-56B12EF4E3BB}
		{9584E3E8-4DF6-49FD-BBF8-0D7BB7B46C23} = {EB46FE9E-8B0B-4E79-B3DE-D526B4EE9BF4}
		{95B85742-AE8E-4E5D-80C4-BACAE4D50903} = {CC94B35E-E1AF-4B4A-97B8-30AFC28F6D4B}
		{82354F81-8093-406C-9688-B91557674984} = {DD6BB3C1-98D8-4653-A473-7B3FF6D69023}
		{B1039958-9405-47F6-9EA7-82BB4BE6184D} = {EB46FE9E-8B0B-4E79-B3DE-D526B4EE9BF4}
		{90B3DEEB-3CDA-44A8-8440-A25991F710C4} = {CC94B35E-E1AF-4B4A-97B8-30AFC28F6D4B}
		{6C69A20F-CEDA-4658-B8AA-FA051CCF6B53} = {DD6BB3C1-98D8-4653-A473-7B3FF6D69023}
		{964AB8B5-7448-483B-818D-CC2C1E11A77A} = {EB46FE9E-8B0B-4E79-B3DE-D526B4EE9BF4}
		{A035DF90-BF00-4909-81C4-7B376660FF15} = {EB46FE9E-8B0B-4E79-B3DE-D526B4EE9BF4}
		{B973FCDE-2A7B-4A52-8F24-F7763CC2FB8B} = {CC94B35E-E1AF-4B4A-97B8-30AFC28F6D4B}
		{8984E2F1-62BF-4127-AF16-006851452C27} = {DD6BB3C1-98D8-4653-A473-7B3FF6D69023}
	EndGlobalSection
	GlobalSection(ExtensibilityGlobals) = postSolution
		SolutionGuid = {0AC00DFE-9B7F-43A9-9712-03DD887B0059}
	EndGlobalSection
EndGlobal
